Microsoft Visual Studio Solution File, Format Version 12.00
# Visual Studio Version 17
VisualStudioVersion = 17.12.35527.113
MinimumVisualStudioVersion = 10.0.40219.1
Project("{FAE04EC0-301F-11D3-BF4B-00C04F79EFBC}") = "BreweryFinder.AppHost", "BreweryFinder.AppHost\BreweryFinder.AppHost.csproj", "{1929F40E-10E3-41F2-A997-72E60794BD15}"
EndProject
Project("{FAE04EC0-301F-11D3-BF4B-00C04F79EFBC}") = "BreweryFinder.ServiceDefaults", "BreweryFinder.ServiceDefaults\BreweryFinder.ServiceDefaults.csproj", "{DD774298-9892-4CA5-9E50-5A3F58334CF0}"
EndProject
Project("{FAE04EC0-301F-11D3-BF4B-00C04F79EFBC}") = "BreweryFinder.Tests", "Test\BreweryFinder.Tests.csproj", "{7340276E-62B5-43AB-846C-6B33D7FA610E}"
EndProject
Project("{FAE04EC0-301F-11D3-BF4B-00C04F79EFBC}") = "BreweryFinder.API", "BreweryFinder.API\BreweryFinder.API.csproj", "{53418C13-27DF-4508-91BE-B9B58E26A73B}"
EndProject
Project("{FAE04EC0-301F-11D3-BF4B-00C04F79EFBC}") = "BreweryFinder.Web", "BreweryFinder.Web\BreweryFinder.Web.csproj", "{38B85D96-A565-44B2-A3CA-1ACFF1437F98}"
EndProject
Global
	GlobalSection(SolutionConfigurationPlatforms) = preSolution
		Debug|Any CPU = Debug|Any CPU
		Release|Any CPU = Release|Any CPU
	EndGlobalSection
	GlobalSection(ProjectConfigurationPlatforms) = postSolution
		{1929F40E-10E3-41F2-A997-72E60794BD15}.Debug|Any CPU.ActiveCfg = Debug|Any CPU
		{1929F40E-10E3-41F2-A997-72E60794BD15}.Debug|Any CPU.Build.0 = Debug|Any CPU
		{1929F40E-10E3-41F2-A997-72E60794BD15}.Release|Any CPU.ActiveCfg = Release|Any CPU
		{1929F40E-10E3-41F2-A997-72E60794BD15}.Release|Any CPU.Build.0 = Release|Any CPU
		{DD774298-9892-4CA5-9E50-5A3F58334CF0}.Debug|Any CPU.ActiveCfg = Debug|Any CPU
		{DD774298-9892-4CA5-9E50-5A3F58334CF0}.Debug|Any CPU.Build.0 = Debug|Any CPU
		{DD774298-9892-4CA5-9E50-5A3F58334CF0}.Release|Any CPU.ActiveCfg = Release|Any CPU
		{DD774298-9892-4CA5-9E50-5A3F58334CF0}.Release|Any CPU.Build.0 = Release|Any CPU
		{7340276E-62B5-43AB-846C-6B33D7FA610E}.Debug|Any CPU.ActiveCfg = Debug|Any CPU
		{7340276E-62B5-43AB-846C-6B33D7FA610E}.Debug|Any CPU.Build.0 = Debug|Any CPU
		{7340276E-62B5-43AB-846C-6B33D7FA610E}.Release|Any CPU.ActiveCfg = Release|Any CPU
		{7340276E-62B5-43AB-846C-6B33D7FA610E}.Release|Any CPU.Build.0 = Release|Any CPU
		{53418C13-27DF-4508-91BE-B9B58E26A73B}.Debug|Any CPU.ActiveCfg = Debug|Any CPU
		{53418C13-27DF-4508-91BE-B9B58E26A73B}.Debug|Any CPU.Build.0 = Debug|Any CPU
		{53418C13-27DF-4508-91BE-B9B58E26A73B}.Release|Any CPU.ActiveCfg = Release|Any CPU
		{53418C13-27DF-4508-91BE-B9B58E26A73B}.Release|Any CPU.Build.0 = Release|Any CPU
		{38B85D96-A565-44B2-A3CA-1ACFF1437F98}.Debug|Any CPU.ActiveCfg = Debug|Any CPU
		{38B85D96-A565-44B2-A3CA-1ACFF1437F98}.Debug|Any CPU.Build.0 = Debug|Any CPU
		{38B85D96-A565-44B2-A3CA-1ACFF1437F98}.Release|Any CPU.ActiveCfg = Release|Any CPU
		{38B85D96-A565-44B2-A3CA-1ACFF1437F98}.Release|Any CPU.Build.0 = Release|Any CPU
	EndGlobalSection
	GlobalSection(SolutionProperties) = preSolution
		HideSolutionNode = FALSE
	EndGlobalSection
EndGlobal
